{
  "pins" : [
    {
      "identity" : "font-awesome-swift",
      "kind" : "remoteSourceControl",
      "location" : "https://github.com/trevor-sonic/Font-Awesome-Swift.git",
      "state" : {
        "revision" : "5d5861deed175f53cbb3059e197c7bbef330c94a",
        "version" : "2.0.6"
      }
    },
    {
      "identity" : "fontawesome.swift",
      "kind" : "remoteSourceControl",
      "location" : "https://github.com/thii/FontAwesome.swift",
      "state" : {
        "revision" : "07883a32d49dfc7bdedbeea115067b53dfbeeb43",
        "version" : "1.9.1"
      }
    }
  ],
  "version" : 2
}
